dependencies:
  espressif/esp-dsp:
    component_hash: 939e9c053487d6e7b7320a5cb761b2200e4b331730d6721668755ef76ab9f067
    dependencies:
    - name: idf
      require: private
      version: '>=4.2'
    source:
      registry_url: https://components.espressif.com/
      type: service
    version: 1.7.1
  espressif/esp_websocket_client:
    component_hash: c5a067a9fddea370c478017e66fac302f4b79c3d4027e9bdd42a019786cceb92
    dependencies:
    - name: idf
      require: private
      version: '>=5.0'
    source:
      registry_url: https://components.espressif.com/
      type: service
    version: 1.6.1
  idf:
    source:
      type: idf
    version: 5.5.3
direct_dependencies:
- espressif/esp-dsp
- espressif/esp_websocket_client
- idf
manifest_hash: cff4ad61ee1825d2ee0e6d7e23890e13b4ecb26af97001901844197332286bbf
target: esp32
version: 2.0.0
